// !$*UTF8*$!
{
	archiveVersion = 1;
	classes = {
	};
	objectVersion = 77;
	objects = {

/* Begin PBXBuildFile section */
		A97FDD022F452B9A000CB036 /* SwiftTerm in Frameworks */ = {isa = PBXBuildFile; productRef = A97FDD012F452B9A000CB036 /* SwiftTerm */; };
/* End PBXBuildFile section */

/* Begin PBXContainerItemProxy section */
		B14A9A352F90000100C0DE01 /* PBXContainerItemProxy */ = {
			isa = PBXContainerItemProxy;
			containerPortal = A97FDC992F452B9A000CB036 /* Project object */;
			proxyType = 1;
			remoteGlobalIDString = A97FDC9E2F452B9A000CB036;
			remoteInfo = NotchTerminal;
		};
/* End PBXContainerItemProxy section */

/* Begin PBXFileReference section */
		A97FDC9F2F452B9A000CB036 /* NotchTerminal.app */ = {isa = PBXFileReference; explicitFileType = wrapper.application; includeInIndex = 0; path = NotchTerminal.app; sourceTree = BUILT_PRODUCTS_DIR; };
		B14A9A2E2F90000100C0DE01 /* NotchTerminalTests.xctest */ = {isa = PBXFileReference; explicitFileType = wrapper.cfbundle; includeInIndex = 0; path = NotchTerminalTests.xctest; sourceTree = BUILT_PRODUCTS_DIR; };
/* End PBXFileReference section */

/* Begin PBXFileSystemSynchronizedRootGroup section */
		A97FDCA12F452B9A000CB036 /* NotchTerminal */ = {
			isa = PBXFileSystemSynchronizedRootGroup;
			path = NotchTerminal;
			sourceTree = "<group>";
		};
		B14A9A2F2F90000100C0DE01 /* NotchTerminalTests */ = {
			isa = PBXFileSystemSynchronizedRootGroup;
			path = NotchTerminalTests;
			sourceTree = "<group>";
		};
/* End PBXFileSystemSynchronizedRootGroup section */

/* Begin PBXFrameworksBuildPhase section */
		A97FDD032F452B9A000CB036 /* Frameworks */ = {
			isa = PBXFrameworksBuildPhase;
			buildActionMask = 2147483647;
			files = (
				A97FDD022F452B9A000CB036 /* SwiftTerm in Frameworks */,
			);
			runOnlyForDeploymentPostprocessing = 0;
		};
		B14A9A302F90000100C0DE01 /* Frameworks */ = {
			isa = PBXFrameworksBuildPhase;
			buildActionMask = 2147483647;
			files = (
			);
			runOnlyForDeploymentPostprocessing = 0;
		};
/* End PBXFrameworksBuildPhase section */

/* Begin PBXGroup section */
		A97FDC982F452B9A000CB036 = {
			isa = PBXGroup;
			children = (
				A97FDCA12F452B9A000CB036 /* NotchTerminal */,
				B14A9A2F2F90000100C0DE01 /* NotchTerminalTests */,
				A97FDCA02F452B9A000CB036 /* Products */,
			);
			sourceTree = "<group>";
		};
		A97FDCA02F452B9A000CB036 /* Products */ = {
			isa = PBXGroup;
			children = (
				A97FDC9F2F452B9A000CB036 /* NotchTerminal.app */,
				B14A9A2E2F90000100C0DE01 /* NotchTerminalTests.xctest */,
			);
			name = Products;
			sourceTree = "<group>";
		};
/* End PBXGroup section */

/* Begin PBXNativeTarget section */
		A97FDC9E2F452B9A000CB036 /* NotchTerminal */ = {
			isa = PBXNativeTarget;
			buildConfigurationList = A97FDCA62F452B9A000CB036 /* Build configuration list for PBXNativeTarget "NotchTerminal" */;
			buildPhases = (
				A97FDD032F452B9A000CB036 /* Frameworks */,
				A97FDE112F452B9A000CB036 /* Resources */,
				A97FDC9D2F452B9A000CB036 /* Sources */,
			);
			buildRules = (
			);
			dependencies = (
			);
			fileSystemSynchronizedGroups = (
				A97FDCA12F452B9A000CB036 /* NotchTerminal */,
			);
			name = NotchTerminal;
			packageProductDependencies = (
				A97FDD012F452B9A000CB036 /* SwiftTerm */,
			);
			productName = NotchTerminal;
			productReference = A97FDC9F2F452B9A000CB036 /* NotchTerminal.app */;
			productType = "com.apple.product-type.application";
		};
		B14A9A312F90000100C0DE01 /* NotchTerminalTests */ = {
			isa = PBXNativeTarget;
			buildConfigurationList = B14A9A342F90000100C0DE01 /* Build configuration list for PBXNativeTarget "NotchTerminalTests" */;
			buildPhases = (
				B14A9A302F90000100C0DE01 /* Frameworks */,
				B14A9A332F90000100C0DE01 /* Sources */,
			);
			buildRules = (
			);
			dependencies = (
				B14A9A372F90000100C0DE01 /* PBXTargetDependency */,
			);
			fileSystemSynchronizedGroups = (
				B14A9A2F2F90000100C0DE01 /* NotchTerminalTests */,
			);
			name = NotchTerminalTests;
			packageProductDependencies = (
			);
			productName = NotchTerminalTests;
			productReference = B14A9A2E2F90000100C0DE01 /* NotchTerminalTests.xctest */;
			productType = "com.apple.product-type.bundle.unit-test";
		};
/* End PBXNativeTarget section */

/* Begin PBXProject section */
		A97FDC992F452B9A000CB036 /* Project object */ = {
			isa = PBXProject;
			attributes = {
				BuildIndependentTargetsInParallel = 1;
				LastUpgradeCheck = 2630;
				TargetAttributes = {
					A97FDC9E2F452B9A000CB036 = {
						CreatedOnToolsVersion = 26.2;
					};
					B14A9A312F90000100C0DE01 = {
						CreatedOnToolsVersion = 26.2;
						TestTargetID = A97FDC9E2F452B9A000CB036;
					};
				};
			};
			buildConfigurationList = A97FDC9C2F452B9A000CB036 /* Build configuration list for PBXProject "NotchTerminal" */;
			developmentRegion = en;
			hasScannedForEncodings = 0;
			knownRegions = (
				en,
				Base,
				es,
				fr,
				ja,
			);
			mainGroup = A97FDC982F452B9A000CB036;
			minimizedProjectReferenceProxies = 1;
			packageReferences = (
				A97FDD002F452B9A000CB036 /* XCRemoteSwiftPackageReference "SwiftTerm" */,
			);
			preferredProjectObjectVersion = 77;
			productRefGroup = A97FDCA02F452B9A000CB036 /* Products */;
			projectDirPath = "";
			projectRoot = "";
			targets = (
				A97FDC9E2F452B9A000CB036 /* NotchTerminal */,
				B14A9A312F90000100C0DE01 /* NotchTerminalTests */,
			);
		};
/* End PBXProject section */

/* Begin PBXResourcesBuildPhase section */
		A97FDE112F452B9A000CB036 /* Resources */ = {
			isa = PBXResourcesBuildPhase;
			buildActionMask = 2147483647;
			files = (
			);
			runOnlyForDeploymentPostprocessing = 0;
		};
/* End PBXResourcesBuildPhase section */

/* Begin PBXSourcesBuildPhase section */
		A97FDC9D2F452B9A000CB036 /* Sources */ = {
			isa = PBXSourcesBuildPhase;
			buildActionMask = 2147483647;
			files = (
			);
			runOnlyForDeploymentPostprocessing = 0;
		};
		B14A9A332F90000100C0DE01 /* Sources */ = {
			isa = PBXSourcesBuildPhase;
			buildActionMask = 2147483647;
			files = (
			);
			runOnlyForDeploymentPostprocessing = 0;
		};
/* End PBXSourcesBuildPhase section */

/* Begin PBXTargetDependency section */
		B14A9A372F90000100C0DE01 /* PBXTargetDependency */ = {
			isa = PBXTargetDependency;
			target = A97FDC9E2F452B9A000CB036 /* NotchTerminal */;
			targetProxy = B14A9A352F90000100C0DE01 /* PBXContainerItemProxy */;
		};
/* End PBXTargetDependency section */

/* Begin XCBuildConfiguration section */
		A97FDCA42F452B9A000CB036 /* Debug */ = {
			isa = XCBuildConfiguration;
			buildSettings = {
				ALWAYS_SEARCH_USER_PATHS = NO;
				CLANG_ANALYZER_LOCALIZABILITY_NONLOCALIZED = YES;
				CLANG_WARN_BLOCK_CAPTURE_AUTORELEASING = YES;
				CLANG_WARN_BOOL_CONVERSION = YES;
				CLANG_WARN_COMMA = YES;
				CLANG_WARN_CONSTANT_CONVERSION = YES;
				CLANG_WARN_DEPRECATED_OBJC_IMPLEMENTATIONS = YES;
				CLANG_WARN_EMPTY_BODY = YES;
				CLANG_WARN_ENUM_CONVERSION = YES;
				CLANG_WARN_INFINITE_RECURSION = YES;
				CLANG_WARN_INT_CONVERSION = YES;
				CLANG_WARN_NON_LITERAL_NULL_CONVERSION = YES;
				CLANG_WARN_OBJC_IMPLICIT_RETAIN_SELF = YES;
				CLANG_WARN_OBJC_LITERAL_CONVERSION = YES;
				CLANG_WARN_QUOTED_INCLUDE_IN_FRAMEWORK_HEADER = YES;
				CLANG_WARN_RANGE_LOOP_ANALYSIS = YES;
				CLANG_WARN_STRICT_PROTOTYPES = YES;
				CLANG_WARN_SUSPICIOUS_MOVE = YES;
				CLANG_WARN_UNREACHABLE_CODE = YES;
				CLANG_WARN__DUPLICATE_METHOD_MATCH = YES;
				DEAD_CODE_STRIPPING = YES;
				DEVELOPMENT_TEAM = TGU3UHC7C7;
				ENABLE_STRICT_OBJC_MSGSEND = YES;
				ENABLE_TESTABILITY = YES;
				ENABLE_USER_SCRIPT_SANDBOXING = YES;
				GCC_NO_COMMON_BLOCKS = YES;
				GCC_WARN_64_TO_32_BIT_CONVERSION = YES;
				GCC_WARN_ABOUT_RETURN_TYPE = YES;
				GCC_WARN_UNDECLARED_SELECTOR = YES;
				GCC_WARN_UNINITIALIZED_AUTOS = YES;
				GCC_WARN_UNUSED_FUNCTION = YES;
				GCC_WARN_UNUSED_VARIABLE = YES;
				MACOSX_DEPLOYMENT_TARGET = 26.2;
				MTL_ENABLE_DEBUG_INFO = INCLUDE_SOURCE;
				MTL_FAST_MATH = YES;
				ONLY_ACTIVE_ARCH = YES;
				SDKROOT = macosx;
				STRING_CATALOG_GENERATE_SYMBOLS = YES;
			};
			name = Debug;
		};
		A97FDCA52F452B9A000CB036 /* Release */ = {
			isa = XCBuildConfiguration;
			buildSettings = {
				ALWAYS_SEARCH_USER_PATHS = NO;
				CLANG_ANALYZER_LOCALIZABILITY_NONLOCALIZED = YES;
				CLANG_WARN_BLOCK_CAPTURE_AUTORELEASING = YES;
				CLANG_WARN_BOOL_CONVERSION = YES;
				CLANG_WARN_COMMA = YES;
				CLANG_WARN_CONSTANT_CONVERSION = YES;
				CLANG_WARN_DEPRECATED_OBJC_IMPLEMENTATIONS = YES;
				CLANG_WARN_EMPTY_BODY = YES;
				CLANG_WARN_ENUM_CONVERSION = YES;
				CLANG_WARN_INFINITE_RECURSION = YES;
				CLANG_WARN_INT_CONVERSION = YES;
				CLANG_WARN_NON_LITERAL_NULL_CONVERSION = YES;
				CLANG_WARN_OBJC_IMPLICIT_RETAIN_SELF = YES;
				CLANG_WARN_OBJC_LITERAL_CONVERSION = YES;
				CLANG_WARN_QUOTED_INCLUDE_IN_FRAMEWORK_HEADER = YES;
				CLANG_WARN_RANGE_LOOP_ANALYSIS = YES;
				CLANG_WARN_STRICT_PROTOTYPES = YES;
				CLANG_WARN_SUSPICIOUS_MOVE = YES;
				CLANG_WARN_UNREACHABLE_CODE = YES;
				CLANG_WARN__DUPLICATE_METHOD_MATCH = YES;
				DEAD_CODE_STRIPPING = YES;
				DEVELOPMENT_TEAM = TGU3UHC7C7;
				ENABLE_STRICT_OBJC_MSGSEND = YES;
				ENABLE_USER_SCRIPT_SANDBOXING = YES;
				GCC_NO_COMMON_BLOCKS = YES;
				GCC_WARN_64_TO_32_BIT_CONVERSION = YES;
				GCC_WARN_ABOUT_RETURN_TYPE = YES;
				GCC_WARN_UNDECLARED_SELECTOR = YES;
				GCC_WARN_UNINITIALIZED_AUTOS = YES;
				GCC_WARN_UNUSED_FUNCTION = YES;
				GCC_WARN_UNUSED_VARIABLE = YES;
				MACOSX_DEPLOYMENT_TARGET = 26.2;
				MTL_ENABLE_DEBUG_INFO = NO;
				MTL_FAST_MATH = YES;
				SDKROOT = macosx;
				STRING_CATALOG_GENERATE_SYMBOLS = YES;
				SWIFT_COMPILATION_MODE = wholemodule;
			};
			name = Release;
		};
		A97FDCA72F452B9A000CB036 /* Debug */ = {
			isa = XCBuildConfiguration;
			buildSettings = {
				ASSETCATALOG_COMPILER_APPICON_NAME = AppIcon;
				ASSETCATALOG_COMPILER_INCLUDE_ALL_APPICON_ASSETS = YES;
				CLANG_ENABLE_OBJC_WEAK = YES;
				CODE_SIGN_STYLE = Automatic;
				DEAD_CODE_STRIPPING = YES;
				DEVELOPMENT_TEAM = TGU3UHC7C7;
				GENERATE_INFOPLIST_FILE = YES;
				INFOPLIST_KEY_NSHumanReadableCopyright = "";
				LD_RUNPATH_SEARCH_PATHS = (
					"$(inherited)",
					"@executable_path/../Frameworks",
				);
				MACOSX_DEPLOYMENT_TARGET = 14.0;
				PRODUCT_BUNDLE_IDENTIFIER = marco.NotchTerminal;
				PRODUCT_NAME = "$(TARGET_NAME)";
				SDKROOT = macosx;
				SWIFT_EMIT_LOC_STRINGS = YES;
				SWIFT_VERSION = 5.0;
				VERSIONING_SYSTEM = "";
			};
			name = Debug;
		};
		A97FDCA82F452B9A000CB036 /* Release */ = {
			isa = XCBuildConfiguration;
			buildSettings = {
				ASSETCATALOG_COMPILER_APPICON_NAME = AppIcon;
				ASSETCATALOG_COMPILER_INCLUDE_ALL_APPICON_ASSETS = YES;
				CLANG_ENABLE_OBJC_WEAK = YES;
				CODE_SIGN_STYLE = Automatic;
				DEAD_CODE_STRIPPING = YES;
				DEVELOPMENT_TEAM = TGU3UHC7C7;
				GENERATE_INFOPLIST_FILE = YES;
				INFOPLIST_KEY_NSHumanReadableCopyright = "";
				LD_RUNPATH_SEARCH_PATHS = (
					"$(inherited)",
					"@executable_path/../Frameworks",
				);
				MACOSX_DEPLOYMENT_TARGET = 14.0;
				PRODUCT_BUNDLE_IDENTIFIER = marco.NotchTerminal;
				PRODUCT_NAME = "$(TARGET_NAME)";
				SDKROOT = macosx;
				SWIFT_EMIT_LOC_STRINGS = YES;
				SWIFT_VERSION = 5.0;
				VERSIONING_SYSTEM = "";
			};
			name = Release;
		};
		B14A9A382F90000100C0DE01 /* Debug */ = {
			isa = XCBuildConfiguration;
			buildSettings = {
				BUNDLE_LOADER = "$(TEST_HOST)";
				CLANG_ENABLE_OBJC_WEAK = YES;
				CODE_SIGN_STYLE = Automatic;
				DEAD_CODE_STRIPPING = YES;
				DEVELOPMENT_TEAM = TGU3UHC7C7;
				GENERATE_INFOPLIST_FILE = YES;
				MACOSX_DEPLOYMENT_TARGET = 14.0;
				PRODUCT_BUNDLE_IDENTIFIER = marco.NotchTerminalTests;
				PRODUCT_NAME = "$(TARGET_NAME)";
				SDKROOT = macosx;
				SWIFT_VERSION = 5.0;
				TEST_HOST = "$(BUILT_PRODUCTS_DIR)/NotchTerminal.app/Contents/MacOS/NotchTerminal";
				TEST_TARGET_NAME = NotchTerminal;
			};
			name = Debug;
		};
		B14A9A392F90000100C0DE01 /* Release */ = {
			isa = XCBuildConfiguration;
			buildSettings = {
				BUNDLE_LOADER = "$(TEST_HOST)";
				CLANG_ENABLE_OBJC_WEAK = YES;
				CODE_SIGN_STYLE = Automatic;
				DEAD_CODE_STRIPPING = YES;
				DEVELOPMENT_TEAM = TGU3UHC7C7;
				GENERATE_INFOPLIST_FILE = YES;
				MACOSX_DEPLOYMENT_TARGET = 14.0;
				PRODUCT_BUNDLE_IDENTIFIER = marco.NotchTerminalTests;
				PRODUCT_NAME = "$(TARGET_NAME)";
				SDKROOT = macosx;
				SWIFT_VERSION = 5.0;
				TEST_HOST = "$(BUILT_PRODUCTS_DIR)/NotchTerminal.app/Contents/MacOS/NotchTerminal";
				TEST_TARGET_NAME = NotchTerminal;
			};
			name = Release;
		};
/* End XCBuildConfiguration section */

/* Begin XCConfigurationList section */
		A97FDC9C2F452B9A000CB036 /* Build configuration list for PBXProject "NotchTerminal" */ = {
			isa = XCConfigurationList;
			buildConfigurations = (
				A97FDCA42F452B9A000CB036 /* Debug */,
				A97FDCA52F452B9A000CB036 /* Release */,
			);
			defaultConfigurationIsVisible = 0;
			defaultConfigurationName = Release;
		};
		A97FDCA62F452B9A000CB036 /* Build configuration list for PBXNativeTarget "NotchTerminal" */ = {
			isa = XCConfigurationList;
			buildConfigurations = (
				A97FDCA72F452B9A000CB036 /* Debug */,
				A97FDCA82F452B9A000CB036 /* Release */,
			);
			defaultConfigurationIsVisible = 0;
			defaultConfigurationName = Release;
		};
		B14A9A342F90000100C0DE01 /* Build configuration list for PBXNativeTarget "NotchTerminalTests" */ = {
			isa = XCConfigurationList;
			buildConfigurations = (
				B14A9A382F90000100C0DE01 /* Debug */,
				B14A9A392F90000100C0DE01 /* Release */,
			);
			defaultConfigurationIsVisible = 0;
			defaultConfigurationName = Release;
		};
/* End XCConfigurationList section */

/* Begin XCRemoteSwiftPackageReference section */
		A97FDD002F452B9A000CB036 /* XCRemoteSwiftPackageReference "SwiftTerm" */ = {
			isa = XCRemoteSwiftPackageReference;
			repositoryURL = "https://github.com/iDams/SwiftTerm.git";
			requirement = {
				branch = main;
				kind = branch;
			};
		};
/* End XCRemoteSwiftPackageReference section */

/* Begin XCSwiftPackageProductDependency section */
		A97FDD012F452B9A000CB036 /* SwiftTerm */ = {
			isa = XCSwiftPackageProductDependency;
			package = A97FDD002F452B9A000CB036 /* XCRemoteSwiftPackageReference "SwiftTerm" */;
			productName = SwiftTerm;
		};
/* End XCSwiftPackageProductDependency section */
	};
	rootObject = A97FDC992F452B9A000CB036 /* Project object */;
}
